
Microsoft Visual Studio Solution File, Format Version 12.00
# Visual Studio Version 16
VisualStudioVersion = 16.0.29806.167
MinimumVisualStudioVersion = 10.0.40219.1
Project("{FAE04EC0-301F-11D3-BF4B-00C04F79EFBC}") = "piedra, papel o tijera", "piedra, papel o tijera\piedra, papel o tijera.csproj", "{E834E52C-9781-4F65-A770-14B5722416BA}"
EndProject
Global
	GlobalSection(SolutionConfigurationPlatforms) = preSolution
		Debug|Any CPU = Debug|Any CPU
		Release|Any CPU = Release|Any CPU
	EndGlobalSection
	GlobalSection(ProjectConfigurationPlatforms) = postSolution
		{E834E52C-9781-4F65-A770-14B5722416BA}.Debug|Any CPU.ActiveCfg = Debug|Any CPU
		{E834E52C-9781-4F65-A770-14B5722416BA}.Debug|Any CPU.Build.0 = Debug|Any CPU
		{E834E52C-9781-4F65-A770-14B5722416BA}.Release|Any CPU.ActiveCfg = Release|Any CPU
		{E834E52C-9781-4F65-A770-14B5722416BA}.Release|Any CPU.Build.0 = Release|Any CPU
	EndGlobalSection
	GlobalSection(SolutionProperties) = preSolution
		HideSolutionNode = FALSE
	EndGlobalSection
	GlobalSection(ExtensibilityGlobals) = postSolution
		SolutionGuid = {BB5E1655-AE77-4A5A-A336-658E0044F72F}
	EndGlobalSection
EndGlobal
